{
  "pins" : [
    {
      "identity" : "hudsonkit-xcframework",
      "kind" : "remoteSourceControl",
      "location" : "https://github.com/arach/hudsonkit-xcframework.git",
      "state" : {
        "revision" : "913a62e8b6be2f457ba14a12685824b5b9d2aa3e",
        "version" : "0.3.3"
      }
    }
  ],
  "version" : 2
}
